
Microsoft Visual Studio Solution File, Format Version 12.00
# Visual Studio Version 16
VisualStudioVersion = 16.0.30002.166
MinimumVisualStudioVersion = 10.0.40219.1
Project("{2150E333-8FDC-42A3-9474-1A3956D46DE8}") = "Source", "Source", "{24152DB0-7267-4CCD-9EA1-11DBC43FA606}"
EndProject
Project("{2150E333-8FDC-42A3-9474-1A3956D46DE8}") = "Model", "Model", "{6E005CAB-1352-4E50-B6B9-D082608C2C41}"
EndProject
Project("{2150E333-8FDC-42A3-9474-1A3956D46DE8}") = "Service", "Service", "{04B73253-6056-45CC-A271-C7874705C06C}"
EndProject
Project("{2150E333-8FDC-42A3-9474-1A3956D46DE8}") = "Web", "Web", "{4E3C8370-2FA2-4658-8AFB-7E73B0F8B1AD}"
EndProject
Project("{9A19103F-16F7-4668-BE54-9A1E7A4F7556}") = "Covid19.Models", "Covid19.Models\Covid19.Models.csproj", "{8A2EBA64-F84F-40F0-81F1-FF425AB4816D}"
EndProject
Project("{2150E333-8FDC-42A3-9474-1A3956D46DE8}") = "StatsStateWise", "StatsStateWise", "{A58EA452-DEBA-4F75-8ADA-CE70929EBF4F}"
EndProject
Project("{9A19103F-16F7-4668-BE54-9A1E7A4F7556}") = "Covid19.StatsStateWise.Service", "Covid19.StatsStateWise.Service\Covid19.StatsStateWise.Service.csproj", "{93F6FB56-20EF-4D21-B199-679B5131B2C0}"
EndProject
Project("{2150E333-8FDC-42A3-9474-1A3956D46DE8}") = "Framework", "Framework", "{D837D0CD-9A31-4BBF-B200-F7BC9990D281}"
EndProject
Project("{2150E333-8FDC-42A3-9474-1A3956D46DE8}") = "AppSettings", "AppSettings", "{8B1833A6-779C-4333-ABBA-8C31303D884F}"
EndProject
Project("{9A19103F-16F7-4668-BE54-9A1E7A4F7556}") = "Covid19.App.Setting", "Covid19.App.Setting\Covid19.App.Setting.csproj", "{C88AC3A3-6879-488E-92C8-77C7AE0B95CE}"
EndProject
Project("{2150E333-8FDC-42A3-9474-1A3956D46DE8}") = "UnitTest", "UnitTest", "{B70300E7-FC32-4077-BD4F-2030FD69C0D7}"
EndProject
Project("{9A19103F-16F7-4668-BE54-9A1E7A4F7556}") = "Covid19.UnitTest", "Covid19.UnitTest\Covid19.UnitTest.csproj", "{DABFA027-A5ED-4250-8BDD-CF5FB5B569AE}"
EndProject
Project("{9A19103F-16F7-4668-BE54-9A1E7A4F7556}") = "Covid19.Blazor", "Covid19.Blazor\Covid19.Blazor.csproj", "{AF956DAF-0E17-4AEF-B83B-628C0FA0CC5D}"
EndProject
Project("{9A19103F-16F7-4668-BE54-9A1E7A4F7556}") = "Covid19.SampleTest.Service", "Covid19.SampleTest.Service\Covid19.SampleTest.Service.csproj", "{CA040931-C27B-4ED8-8B30-F8B601D2657C}"
EndProject
Project("{9A19103F-16F7-4668-BE54-9A1E7A4F7556}") = "Covid19.SpreadTrends.Service", "Covid19.SpreadTrends.Service\Covid19.SpreadTrends.Service.csproj", "{DB5DBB59-4D04-4854-8676-0392CCA27A28}"
EndProject
Project("{FAE04EC0-301F-11D3-BF4B-00C04F79EFBC}") = "Covid19.DistrictWise.Service", "Covid19.DistrictWise.Service\Covid19.DistrictWise.Service.csproj", "{0B7589AF-6D79-48AE-B4B3-BEED30B5B79F}"
EndProject
Global
	GlobalSection(SolutionConfigurationPlatforms) = preSolution
		Debug|Any CPU = Debug|Any CPU
		Release|Any CPU = Release|Any CPU
	EndGlobalSection
	GlobalSection(ProjectConfigurationPlatforms) = postSolution
		{8A2EBA64-F84F-40F0-81F1-FF425AB4816D}.Debug|Any CPU.ActiveCfg = Debug|Any CPU
		{8A2EBA64-F84F-40F0-81F1-FF425AB4816D}.Debug|Any CPU.Build.0 = Debug|Any CPU
		{8A2EBA64-F84F-40F0-81F1-FF425AB4816D}.Release|Any CPU.ActiveCfg = Release|Any CPU
		{8A2EBA64-F84F-40F0-81F1-FF425AB4816D}.Release|Any CPU.Build.0 = Release|Any CPU
		{93F6FB56-20EF-4D21-B199-679B5131B2C0}.Debug|Any CPU.ActiveCfg = Debug|Any CPU
		{93F6FB56-20EF-4D21-B199-679B5131B2C0}.Debug|Any CPU.Build.0 = Debug|Any CPU
		{93F6FB56-20EF-4D21-B199-679B5131B2C0}.Release|Any CPU.ActiveCfg = Release|Any CPU
		{93F6FB56-20EF-4D21-B199-679B5131B2C0}.Release|Any CPU.Build.0 = Release|Any CPU
		{C88AC3A3-6879-488E-92C8-77C7AE0B95CE}.Debug|Any CPU.ActiveCfg = Debug|Any CPU
		{C88AC3A3-6879-488E-92C8-77C7AE0B95CE}.Debug|Any CPU.Build.0 = Debug|Any CPU
		{C88AC3A3-6879-488E-92C8-77C7AE0B95CE}.Release|Any CPU.ActiveCfg = Release|Any CPU
		{C88AC3A3-6879-488E-92C8-77C7AE0B95CE}.Release|Any CPU.Build.0 = Release|Any CPU
		{DABFA027-A5ED-4250-8BDD-CF5FB5B569AE}.Debug|Any CPU.ActiveCfg = Debug|Any CPU
		{DABFA027-A5ED-4250-8BDD-CF5FB5B569AE}.Debug|Any CPU.Build.0 = Debug|Any CPU
		{DABFA027-A5ED-4250-8BDD-CF5FB5B569AE}.Release|Any CPU.ActiveCfg = Release|Any CPU
		{DABFA027-A5ED-4250-8BDD-CF5FB5B569AE}.Release|Any CPU.Build.0 = Release|Any CPU
		{AF956DAF-0E17-4AEF-B83B-628C0FA0CC5D}.Debug|Any CPU.ActiveCfg = Debug|Any CPU
		{AF956DAF-0E17-4AEF-B83B-628C0FA0CC5D}.Debug|Any CPU.Build.0 = Debug|Any CPU
		{AF956DAF-0E17-4AEF-B83B-628C0FA0CC5D}.Release|Any CPU.ActiveCfg = Release|Any CPU
		{AF956DAF-0E17-4AEF-B83B-628C0FA0CC5D}.Release|Any CPU.Build.0 = Release|Any CPU
		{CA040931-C27B-4ED8-8B30-F8B601D2657C}.Debug|Any CPU.ActiveCfg = Debug|Any CPU
		{CA040931-C27B-4ED8-8B30-F8B601D2657C}.Debug|Any CPU.Build.0 = Debug|Any CPU
		{CA040931-C27B-4ED8-8B30-F8B601D2657C}.Release|Any CPU.ActiveCfg = Release|Any CPU
		{CA040931-C27B-4ED8-8B30-F8B601D2657C}.Release|Any CPU.Build.0 = Release|Any CPU
		{DB5DBB59-4D04-4854-8676-0392CCA27A28}.Debug|Any CPU.ActiveCfg = Debug|Any CPU
		{DB5DBB59-4D04-4854-8676-0392CCA27A28}.Debug|Any CPU.Build.0 = Debug|Any CPU
		{DB5DBB59-4D04-4854-8676-0392CCA27A28}.Release|Any CPU.ActiveCfg = Release|Any CPU
		{DB5DBB59-4D04-4854-8676-0392CCA27A28}.Release|Any CPU.Build.0 = Release|Any CPU
		{0B7589AF-6D79-48AE-B4B3-BEED30B5B79F}.Debug|Any CPU.ActiveCfg = Debug|Any CPU
		{0B7589AF-6D79-48AE-B4B3-BEED30B5B79F}.Debug|Any CPU.Build.0 = Debug|Any CPU
		{0B7589AF-6D79-48AE-B4B3-BEED30B5B79F}.Release|Any CPU.ActiveCfg = Release|Any CPU
		{0B7589AF-6D79-48AE-B4B3-BEED30B5B79F}.Release|Any CPU.Build.0 = Release|Any CPU
	EndGlobalSection
	GlobalSection(SolutionProperties) = preSolution
		HideSolutionNode = FALSE
	EndGlobalSection
	GlobalSection(NestedProjects) = preSolution
		{6E005CAB-1352-4E50-B6B9-D082608C2C41} = {24152DB0-7267-4CCD-9EA1-11DBC43FA606}
		{04B73253-6056-45CC-A271-C7874705C06C} = {24152DB0-7267-4CCD-9EA1-11DBC43FA606}
		{4E3C8370-2FA2-4658-8AFB-7E73B0F8B1AD} = {24152DB0-7267-4CCD-9EA1-11DBC43FA606}
		{8A2EBA64-F84F-40F0-81F1-FF425AB4816D} = {6E005CAB-1352-4E50-B6B9-D082608C2C41}
		{A58EA452-DEBA-4F75-8ADA-CE70929EBF4F} = {04B73253-6056-45CC-A271-C7874705C06C}
		{93F6FB56-20EF-4D21-B199-679B5131B2C0} = {A58EA452-DEBA-4F75-8ADA-CE70929EBF4F}
		{D837D0CD-9A31-4BBF-B200-F7BC9990D281} = {24152DB0-7267-4CCD-9EA1-11DBC43FA606}
		{8B1833A6-779C-4333-ABBA-8C31303D884F} = {D837D0CD-9A31-4BBF-B200-F7BC9990D281}
		{C88AC3A3-6879-488E-92C8-77C7AE0B95CE} = {8B1833A6-779C-4333-ABBA-8C31303D884F}
		{B70300E7-FC32-4077-BD4F-2030FD69C0D7} = {24152DB0-7267-4CCD-9EA1-11DBC43FA606}
		{DABFA027-A5ED-4250-8BDD-CF5FB5B569AE} = {B70300E7-FC32-4077-BD4F-2030FD69C0D7}
		{AF956DAF-0E17-4AEF-B83B-628C0FA0CC5D} = {4E3C8370-2FA2-4658-8AFB-7E73B0F8B1AD}
		{CA040931-C27B-4ED8-8B30-F8B601D2657C} = {A58EA452-DEBA-4F75-8ADA-CE70929EBF4F}
		{DB5DBB59-4D04-4854-8676-0392CCA27A28} = {A58EA452-DEBA-4F75-8ADA-CE70929EBF4F}
		{0B7589AF-6D79-48AE-B4B3-BEED30B5B79F} = {A58EA452-DEBA-4F75-8ADA-CE70929EBF4F}
	EndGlobalSection
	GlobalSection(ExtensibilityGlobals) = postSolution
		SolutionGuid = {1E460183-EA7F-4A09-9A05-A32C9A306A08}
	EndGlobalSection
EndGlobal
